
Microsoft Visual Studio Solution File, Format Version 12.00
# Visual Studio Version 16
VisualStudioVersion = 16.0.30320.27
MinimumVisualStudioVersion = 10.0.40219.1
Project("{FAE04EC0-301F-11D3-BF4B-00C04F79EFBC}") = "Atomus.Control.WebBrowser.DefaultWebBrowser(dotNet)", "dotNet\Atomus.Control.WebBrowser.DefaultWebBrowser(dotNet).csproj", "{8E01CBFF-FA7C-4C48-AD69-24487152D58C}"
EndProject
Global
	GlobalSection(SolutionConfigurationPlatforms) = preSolution
		Debug|Any CPU = Debug|Any CPU
		Release|Any CPU = Release|Any CPU
	EndGlobalSection
	GlobalSection(ProjectConfigurationPlatforms) = postSolution
		{8E01CBFF-FA7C-4C48-AD69-24487152D58C}.Debug|Any CPU.ActiveCfg = Debug|Any CPU
		{8E01CBFF-FA7C-4C48-AD69-24487152D58C}.Debug|Any CPU.Build.0 = Debug|Any CPU
		{8E01CBFF-FA7C-4C48-AD69-24487152D58C}.Release|Any CPU.ActiveCfg = Release|Any CPU
		{8E01CBFF-FA7C-4C48-AD69-24487152D58C}.Release|Any CPU.Build.0 = Release|Any CPU
	EndGlobalSection
	GlobalSection(SolutionProperties) = preSolution
		HideSolutionNode = FALSE
	EndGlobalSection
	GlobalSection(ExtensibilityGlobals) = postSolution
		SolutionGuid = {44C5189B-00D6-4E2F-AB1A-F4908D3BCD79}
	EndGlobalSection
EndGlobal
